
Microsoft Visual Studio Solution File, Format Version 12.00
# Visual Studio 15
Project("{FAE04EC0-301F-11D3-BF4B-00C04F79EFBC}") = "Assembly-CSharp", "Assembly-CSharp.csproj", "{C79AA901-767B-E712-1045-4F2C75CFED02}"
EndProject
Project("{FAE04EC0-301F-11D3-BF4B-00C04F79EFBC}") = "Assembly-CSharp-Editor", "Assembly-CSharp-Editor.csproj", "{094FA9F1-894C-D042-5BCD-79544E703F8F}"
EndProject
Global
	GlobalSection(SolutionConfigurationPlatforms) = preSolution
		Debug|Any CPU = Debug|Any CPU
		Release|Any CPU = Release|Any CPU
	EndGlobalSection
	GlobalSection(ProjectConfigurationPlatforms) = postSolution
		{C79AA901-767B-E712-1045-4F2C75CFED02}.Debug|Any CPU.ActiveCfg = Debug|Any CPU
		{C79AA901-767B-E712-1045-4F2C75CFED02}.Debug|Any CPU.Build.0 = Debug|Any CPU
		{C79AA901-767B-E712-1045-4F2C75CFED02}.Release|Any CPU.ActiveCfg = Release|Any CPU
		{C79AA901-767B-E712-1045-4F2C75CFED02}.Release|Any CPU.Build.0 = Release|Any CPU
		{094FA9F1-894C-D042-5BCD-79544E703F8F}.Debug|Any CPU.ActiveCfg = Debug|Any CPU
		{094FA9F1-894C-D042-5BCD-79544E703F8F}.Debug|Any CPU.Build.0 = Debug|Any CPU
		{094FA9F1-894C-D042-5BCD-79544E703F8F}.Release|Any CPU.ActiveCfg = Release|Any CPU
		{094FA9F1-894C-D042-5BCD-79544E703F8F}.Release|Any CPU.Build.0 = Release|Any CPU
	EndGlobalSection
	GlobalSection(SolutionProperties) = preSolution
		HideSolutionNode = FALSE
	EndGlobalSection
EndGlobal
